
Microsoft Visual Studio Solution File, Format Version 12.00
# Visual Studio 2012
Project("{FAE04EC0-301F-11D3-BF4B-00C04F79EFBC}") = "SapData_Automation", "SapData_Automation\SapData_Automation.csproj", "{9F5F12E4-B3C5-4DA0-86ED-F1702CA6C585}"
EndProject
Project("{FAE04EC0-301F-11D3-BF4B-00C04F79EFBC}") = "Order.Buiness", "Order.Buiness\Order.Buiness.csproj", "{37926829-8134-4622-A386-931A26B411F0}"
EndProject
Project("{FAE04EC0-301F-11D3-BF4B-00C04F79EFBC}") = "Order.Common", "Order.Common\Order.Common.csproj", "{EB3B4387-9D4C-4A07-A558-971602541779}"
EndProject
Project("{FAE04EC0-301F-11D3-BF4B-00C04F79EFBC}") = "Order.DB", "Order.DB\Order.DB.csproj", "{C686953F-4F4A-4BD8-A6B8-EBAFD17705AB}"
EndProject
Project("{6141683F-8A12-4E36-9623-2EB02B2C2303}") = "Setup1", "Setup1\Setup1.isproj", "{657C8524-8908-47DA-8A74-A05A406263BB}"
	ProjectSection(ProjectDependencies) = postProject
		{9F5F12E4-B3C5-4DA0-86ED-F1702CA6C585} = {9F5F12E4-B3C5-4DA0-86ED-F1702CA6C585}
	EndProjectSection
EndProject
Global
	GlobalSection(SolutionConfigurationPlatforms) = preSolution
		CD_ROM|Any CPU = CD_ROM|Any CPU
		Debug|Any CPU = Debug|Any CPU
		DVD-5|Any CPU = DVD-5|Any CPU
		Release|Any CPU = Release|Any CPU
		SingleImage|Any CPU = SingleImage|Any CPU
	EndGlobalSection
	GlobalSection(ProjectConfigurationPlatforms) = postSolution
		{9F5F12E4-B3C5-4DA0-86ED-F1702CA6C585}.CD_ROM|Any CPU.ActiveCfg = Release|Any CPU
		{9F5F12E4-B3C5-4DA0-86ED-F1702CA6C585}.CD_ROM|Any CPU.Build.0 = Release|Any CPU
		{9F5F12E4-B3C5-4DA0-86ED-F1702CA6C585}.Debug|Any CPU.ActiveCfg = Debug|Any CPU
		{9F5F12E4-B3C5-4DA0-86ED-F1702CA6C585}.Debug|Any CPU.Build.0 = Debug|Any CPU
		{9F5F12E4-B3C5-4DA0-86ED-F1702CA6C585}.DVD-5|Any CPU.ActiveCfg = Debug|Any CPU
		{9F5F12E4-B3C5-4DA0-86ED-F1702CA6C585}.DVD-5|Any CPU.Build.0 = Debug|Any CPU
		{9F5F12E4-B3C5-4DA0-86ED-F1702CA6C585}.Release|Any CPU.ActiveCfg = Release|Any CPU
		{9F5F12E4-B3C5-4DA0-86ED-F1702CA6C585}.Release|Any CPU.Build.0 = Release|Any CPU
		{9F5F12E4-B3C5-4DA0-86ED-F1702CA6C585}.SingleImage|Any CPU.ActiveCfg = Debug|Any CPU
		{9F5F12E4-B3C5-4DA0-86ED-F1702CA6C585}.SingleImage|Any CPU.Build.0 = Debug|Any CPU
		{37926829-8134-4622-A386-931A26B411F0}.CD_ROM|Any CPU.ActiveCfg = Release|Any CPU
		{37926829-8134-4622-A386-931A26B411F0}.CD_ROM|Any CPU.Build.0 = Release|Any CPU
		{37926829-8134-4622-A386-931A26B411F0}.Debug|Any CPU.ActiveCfg = Debug|Any CPU
		{37926829-8134-4622-A386-931A26B411F0}.Debug|Any CPU.Build.0 = Debug|Any CPU
		{37926829-8134-4622-A386-931A26B411F0}.DVD-5|Any CPU.ActiveCfg = Debug|Any CPU
		{37926829-8134-4622-A386-931A26B411F0}.DVD-5|Any CPU.Build.0 = Debug|Any CPU
		{37926829-8134-4622-A386-931A26B411F0}.Release|Any CPU.ActiveCfg = Release|Any CPU
		{37926829-8134-4622-A386-931A26B411F0}.Release|Any CPU.Build.0 = Release|Any CPU
		{37926829-8134-4622-A386-931A26B411F0}.SingleImage|Any CPU.ActiveCfg = Debug|Any CPU
		{37926829-8134-4622-A386-931A26B411F0}.SingleImage|Any CPU.Build.0 = Debug|Any CPU
		{EB3B4387-9D4C-4A07-A558-971602541779}.CD_ROM|Any CPU.ActiveCfg = Release|Any CPU
		{EB3B4387-9D4C-4A07-A558-971602541779}.CD_ROM|Any CPU.Build.0 = Release|Any CPU
		{EB3B4387-9D4C-4A07-A558-971602541779}.Debug|Any CPU.ActiveCfg = Debug|Any CPU
		{EB3B4387-9D4C-4A07-A558-971602541779}.Debug|Any CPU.Build.0 = Debug|Any CPU
		{EB3B4387-9D4C-4A07-A558-971602541779}.DVD-5|Any CPU.ActiveCfg = Debug|Any CPU
		{EB3B4387-9D4C-4A07-A558-971602541779}.DVD-5|Any CPU.Build.0 = Debug|Any CPU
		{EB3B4387-9D4C-4A07-A558-971602541779}.Release|Any CPU.ActiveCfg = Release|Any CPU
		{EB3B4387-9D4C-4A07-A558-971602541779}.Release|Any CPU.Build.0 = Release|Any CPU
		{EB3B4387-9D4C-4A07-A558-971602541779}.SingleImage|Any CPU.ActiveCfg = Debug|Any CPU
		{EB3B4387-9D4C-4A07-A558-971602541779}.SingleImage|Any CPU.Build.0 = Debug|Any CPU
		{C686953F-4F4A-4BD8-A6B8-EBAFD17705AB}.CD_ROM|Any CPU.ActiveCfg = Release|Any CPU
		{C686953F-4F4A-4BD8-A6B8-EBAFD17705AB}.CD_ROM|Any CPU.Build.0 = Release|Any CPU
		{C686953F-4F4A-4BD8-A6B8-EBAFD17705AB}.Debug|Any CPU.ActiveCfg = Debug|Any CPU
		{C686953F-4F4A-4BD8-A6B8-EBAFD17705AB}.Debug|Any CPU.Build.0 = Debug|Any CPU
		{C686953F-4F4A-4BD8-A6B8-EBAFD17705AB}.DVD-5|Any CPU.ActiveCfg = Debug|Any CPU
		{C686953F-4F4A-4BD8-A6B8-EBAFD17705AB}.DVD-5|Any CPU.Build.0 = Debug|Any CPU
		{C686953F-4F4A-4BD8-A6B8-EBAFD17705AB}.Release|Any CPU.ActiveCfg = Release|Any CPU
		{C686953F-4F4A-4BD8-A6B8-EBAFD17705AB}.Release|Any CPU.Build.0 = Release|Any CPU
		{C686953F-4F4A-4BD8-A6B8-EBAFD17705AB}.SingleImage|Any CPU.ActiveCfg = Debug|Any CPU
		{C686953F-4F4A-4BD8-A6B8-EBAFD17705AB}.SingleImage|Any CPU.Build.0 = Debug|Any CPU
		{657C8524-8908-47DA-8A74-A05A406263BB}.CD_ROM|Any CPU.ActiveCfg = CD_ROM
		{657C8524-8908-47DA-8A74-A05A406263BB}.CD_ROM|Any CPU.Build.0 = CD_ROM
		{657C8524-8908-47DA-8A74-A05A406263BB}.Debug|Any CPU.ActiveCfg = DVD-5
		{657C8524-8908-47DA-8A74-A05A406263BB}.Debug|Any CPU.Build.0 = DVD-5
		{657C8524-8908-47DA-8A74-A05A406263BB}.DVD-5|Any CPU.ActiveCfg = DVD-5
		{657C8524-8908-47DA-8A74-A05A406263BB}.DVD-5|Any CPU.Build.0 = DVD-5
		{657C8524-8908-47DA-8A74-A05A406263BB}.Release|Any CPU.ActiveCfg = SingleImage
		{657C8524-8908-47DA-8A74-A05A406263BB}.Release|Any CPU.Build.0 = SingleImage
		{657C8524-8908-47DA-8A74-A05A406263BB}.SingleImage|Any CPU.ActiveCfg = SingleImage
		{657C8524-8908-47DA-8A74-A05A406263BB}.SingleImage|Any CPU.Build.0 = SingleImage
	EndGlobalSection
	GlobalSection(SolutionProperties) = preSolution
		HideSolutionNode = FALSE
	EndGlobalSection
EndGlobal
